
Microsoft Visual Studio Solution File, Format Version 12.00
# Visual Studio Version 17
VisualStudioVersion = 17.7.34202.233
MinimumVisualStudioVersion = 10.0.40219.1
Project("{9A19103F-16F7-4668-BE54-9A1E7A4F7556}") = "OnBudget", "OnBudget.csproj", "{A0824BB1-334F-40A7-B1CA-DA0669C55C1A}"
EndProject
Project("{FAE04EC0-301F-11D3-BF4B-00C04F79EFBC}") = "OnBudget.DA", "..\OnBudget.DA\OnBudget.DA.csproj", "{2534995E-3983-4010-BC1B-A2E6D181F80C}"
EndProject
Project("{FAE04EC0-301F-11D3-BF4B-00C04F79EFBC}") = "OnBudget.BL", "..\OnBudget.BL\OnBudget.BL.csproj", "{58858290-3397-4BA1-88BB-71B61688F08D}"
EndProject
Global
	GlobalSection(SolutionConfigurationPlatforms) = preSolution
		Debug|Any CPU = Debug|Any CPU
		Release|Any CPU = Release|Any CPU
	EndGlobalSection
	GlobalSection(ProjectConfigurationPlatforms) = postSolution
		{A0824BB1-334F-40A7-B1CA-DA0669C55C1A}.Debug|Any CPU.ActiveCfg = Debug|Any CPU
		{A0824BB1-334F-40A7-B1CA-DA0669C55C1A}.Debug|Any CPU.Build.0 = Debug|Any CPU
		{A0824BB1-334F-40A7-B1CA-DA0669C55C1A}.Release|Any CPU.ActiveCfg = Release|Any CPU
		{A0824BB1-334F-40A7-B1CA-DA0669C55C1A}.Release|Any CPU.Build.0 = Release|Any CPU
		{2534995E-3983-4010-BC1B-A2E6D181F80C}.Debug|Any CPU.ActiveCfg = Debug|Any CPU
		{2534995E-3983-4010-BC1B-A2E6D181F80C}.Debug|Any CPU.Build.0 = Debug|Any CPU
		{2534995E-3983-4010-BC1B-A2E6D181F80C}.Release|Any CPU.ActiveCfg = Release|Any CPU
		{2534995E-3983-4010-BC1B-A2E6D181F80C}.Release|Any CPU.Build.0 = Release|Any CPU
		{58858290-3397-4BA1-88BB-71B61688F08D}.Debug|Any CPU.ActiveCfg = Debug|Any CPU
		{58858290-3397-4BA1-88BB-71B61688F08D}.Debug|Any CPU.Build.0 = Debug|Any CPU
		{58858290-3397-4BA1-88BB-71B61688F08D}.Release|Any CPU.ActiveCfg = Release|Any CPU
		{58858290-3397-4BA1-88BB-71B61688F08D}.Release|Any CPU.Build.0 = Release|Any CPU
	EndGlobalSection
	GlobalSection(SolutionProperties) = preSolution
		HideSolutionNode = FALSE
	EndGlobalSection
	GlobalSection(ExtensibilityGlobals) = postSolution
		SolutionGuid = {AFF1DBDE-6014-4D93-A884-976C9D4EBCEB}
	EndGlobalSection
EndGlobal
